
Microsoft Visual Studio Solution File, Format Version 12.00
# Visual Studio Version 16
VisualStudioVersion = 16.0.30621.155
MinimumVisualStudioVersion = 10.0.40219.1
Project("{FAE04EC0-301F-11D3-BF4B-00C04F79EFBC}") = "AppLogger", "AppLogger\AppLogger.csproj", "{15CB290A-65E9-4DA8-A6D4-ED14180BFDF5}"
EndProject
Global
	GlobalSection(SolutionConfigurationPlatforms) = preSolution
		Debug|Any CPU = Debug|Any CPU
		Release|Any CPU = Release|Any CPU
	EndGlobalSection
	GlobalSection(ProjectConfigurationPlatforms) = postSolution
		{15CB290A-65E9-4DA8-A6D4-ED14180BFDF5}.Debug|Any CPU.ActiveCfg = Debug|Any CPU
		{15CB290A-65E9-4DA8-A6D4-ED14180BFDF5}.Debug|Any CPU.Build.0 = Debug|Any CPU
		{15CB290A-65E9-4DA8-A6D4-ED14180BFDF5}.Release|Any CPU.ActiveCfg = Release|Any CPU
		{15CB290A-65E9-4DA8-A6D4-ED14180BFDF5}.Release|Any CPU.Build.0 = Release|Any CPU
	EndGlobalSection
	GlobalSection(SolutionProperties) = preSolution
		HideSolutionNode = FALSE
	EndGlobalSection
	GlobalSection(ExtensibilityGlobals) = postSolution
		SolutionGuid = {3CD0CC49-5C44-4E52-B252-CDC50E3FA807}
	EndGlobalSection
EndGlobal
